
Microsoft Visual Studio Solution File, Format Version 12.00
# Visual Studio Version 17
VisualStudioVersion = 17.3.32819.101
MinimumVisualStudioVersion = 10.0.40219.1
Project("{FAE04EC0-301F-11D3-BF4B-00C04F79EFBC}") = "SignalRReactive", "SignalRReactive\SignalRReactive.csproj", "{2812DCE2-47BC-4785-8F0C-F2AADFC6D38F}"
EndProject
Global
	GlobalSection(SolutionConfigurationPlatforms) = preSolution
		Debug|Any CPU = Debug|Any CPU
		Release|Any CPU = Release|Any CPU
	EndGlobalSection
	GlobalSection(ProjectConfigurationPlatforms) = postSolution
		{2812DCE2-47BC-4785-8F0C-F2AADFC6D38F}.Debug|Any CPU.ActiveCfg = Debug|Any CPU
		{2812DCE2-47BC-4785-8F0C-F2AADFC6D38F}.Debug|Any CPU.Build.0 = Debug|Any CPU
		{2812DCE2-47BC-4785-8F0C-F2AADFC6D38F}.Release|Any CPU.ActiveCfg = Release|Any CPU
		{2812DCE2-47BC-4785-8F0C-F2AADFC6D38F}.Release|Any CPU.Build.0 = Release|Any CPU
	EndGlobalSection
	GlobalSection(SolutionProperties) = preSolution
		HideSolutionNode = FALSE
	EndGlobalSection
	GlobalSection(ExtensibilityGlobals) = postSolution
		SolutionGuid = {877CB42C-308D-4F5E-AB2C-5D5460B35D22}
	EndGlobalSection
EndGlobal
